# THIS IS AN AUTOGENERATED FILE. DO NOT EDIT THIS FILE DIRECTLY.
# yarn lockfile v1


app-root-path@^2.2.1:
  version "2.2.1"
  resolved "https://registry.yarnpkg.com/app-root-path/-/app-root-path-2.2.1.tgz#d0df4a682ee408273583d43f6f79e9892624bc9a"
  integrity sha512-91IFKeKk7FjfmezPKkwtaRvSpnUc4gDwPAjA1YZ9Gn0q0PPeW+vbeUsZuyDwjI7+QTHhcLen2v25fi/AmhvbJA==

esm@^3.2.25:
  version "3.2.25"
  resolved "https://registry.yarnpkg.com/esm/-/esm-3.2.25.tgz#342c18c29d56157688ba5ce31f8431fbb795cc10"
  integrity sha512-U1suiZ2oDVWv4zPO56S0NcR5QriEahGtdN2OR6FiOG4WJvcjBVFB0qI4+eKoWFH483PKGuLuu6V8Z4T5g63UVA==

kleur@^3.0.3:
  version "3.0.3"
  resolved "https://registry.yarnpkg.com/kleur/-/kleur-3.0.3.tgz#a79c9ecc86ee1ce3fa6206d1216c501f147fc07e"
  integrity sha512-eTIzlVOSUR+JxdDFepEYcBMtZ9Qqdef+rnzWdRZuMbOywu5tO2w2N7rqjoANZ5k9vywhL6Br1VRjUIgTQx4E8w==

prettier@1.18.2:
  version "1.18.2"
  resolved "https://registry.yarnpkg.com/prettier/-/prettier-1.18.2.tgz#6823e7c5900017b4bd3acf46fe9ac4b4d7bda9ea"
  integrity sha512-OeHeMc0JhFE9idD4ZdtNibzY0+TPHSpSSb9h8FqtP+YnoZZ1sl8Vc9b1sasjfymH3SonAF4QcA2+mzHPhMvIiw==

prompts@^2.2.1:
  version "2.2.1"
  resolved "https://registry.yarnpkg.com/prompts/-/prompts-2.2.1.tgz#f901dd2a2dfee080359c0e20059b24188d75ad35"
  integrity sha512-VObPvJiWPhpZI6C5m60XOzTfnYg/xc/an+r9VYymj9WJW3B/DIH+REzjpAACPf8brwPeP+7vz3bIim3S+AaMjw==
  dependencies:
    kleur "^3.0.3"
    sisteransi "^1.0.3"

sisteransi@^1.0.3:
  version "1.0.3"
  resolved "https://registry.yarnpkg.com/sisteransi/-/sisteransi-1.0.3.tgz#98168d62b79e3a5e758e27ae63c4a053d748f4eb"
  integrity sha512-SbEG75TzH8G7eVXFSN5f9EExILKfly7SUvVY5DhhYLvfhKqhDFY0OzevWa/zwak0RLRfWS5AvfMWpd9gJvr5Yg==
